
Microsoft Visual Studio Solution File, Format Version 12.00
# Visual Studio Version 16
VisualStudioVersion = 16.0.31321.278
MinimumVisualStudioVersion = 10.0.40219.1
Project("{FAE04EC0-301F-11D3-BF4B-00C04F79EFBC}") = "TaskTimer", "TaskTimer\TaskTimer.csproj", "{5E59FAF2-1028-45BF-818F-6259C43FD02F}"
EndProject
Global
	GlobalSection(SolutionConfigurationPlatforms) = preSolution
		Debug|Any CPU = Debug|Any CPU
		Release|Any CPU = Release|Any CPU
	EndGlobalSection
	GlobalSection(ProjectConfigurationPlatforms) = postSolution
		{5E59FAF2-1028-45BF-818F-6259C43FD02F}.Debug|Any CPU.ActiveCfg = Debug|Any CPU
		{5E59FAF2-1028-45BF-818F-6259C43FD02F}.Debug|Any CPU.Build.0 = Debug|Any CPU
		{5E59FAF2-1028-45BF-818F-6259C43FD02F}.Release|Any CPU.ActiveCfg = Release|Any CPU
		{5E59FAF2-1028-45BF-818F-6259C43FD02F}.Release|Any CPU.Build.0 = Release|Any CPU
	EndGlobalSection
	GlobalSection(SolutionProperties) = preSolution
		HideSolutionNode = FALSE
	EndGlobalSection
	GlobalSection(ExtensibilityGlobals) = postSolution
		SolutionGuid = {AEAB9A6C-A839-46C4-A633-87FE459AE42F}
	EndGlobalSection
EndGlobal
